
Microsoft Visual Studio Solution File, Format Version 12.00
# Visual Studio Version 17
VisualStudioVersion = 17.9.34414.90
MinimumVisualStudioVersion = 10.0.40219.1
Project("{FAE04EC0-301F-11D3-BF4B-00C04F79EFBC}") = "3-Layer-Architecture-DI", "3-Layer-Architecture-DI.csproj", "{DD2B2193-B7E2-4699-9FEB-0E9263D129F3}"
EndProject
Global
	GlobalSection(SolutionConfigurationPlatforms) = preSolution
		Debug|Any CPU = Debug|Any CPU
		Release|Any CPU = Release|Any CPU
	EndGlobalSection
	GlobalSection(ProjectConfigurationPlatforms) = postSolution
		{DD2B2193-B7E2-4699-9FEB-0E9263D129F3}.Debug|Any CPU.ActiveCfg = Debug|Any CPU
		{DD2B2193-B7E2-4699-9FEB-0E9263D129F3}.Debug|Any CPU.Build.0 = Debug|Any CPU
		{DD2B2193-B7E2-4699-9FEB-0E9263D129F3}.Release|Any CPU.ActiveCfg = Release|Any CPU
		{DD2B2193-B7E2-4699-9FEB-0E9263D129F3}.Release|Any CPU.Build.0 = Release|Any CPU
	EndGlobalSection
	GlobalSection(SolutionProperties) = preSolution
		HideSolutionNode = FALSE
	EndGlobalSection
	GlobalSection(ExtensibilityGlobals) = postSolution
		SolutionGuid = {7A9287D4-671F-41DB-BFA0-68B308F99300}
	EndGlobalSection
EndGlobal
